
Microsoft Visual Studio Solution File, Format Version 12.00
# Visual Studio Version 17
VisualStudioVersion = 17.11.35312.102
MinimumVisualStudioVersion = 10.0.40219.1
Project("{FAE04EC0-301F-11D3-BF4B-00C04F79EFBC}") = "MultiProjectTemplate.ConsoleApp", "MultiProjectTemplate.ConsoleApp\MultiProjectTemplate.ConsoleApp.csproj", "{28BFF7E8-3C58-4045-9790-F254F7FC24BD}"
EndProject
Project("{FAE04EC0-301F-11D3-BF4B-00C04F79EFBC}") = "MultiProjectTemplate.ClassLibrary", "MultiProjectTemplate.ClassLibrary\MultiProjectTemplate.ClassLibrary.csproj", "{02F8B1FA-8828-4F94-A746-9AF5A4C63FC7}"
EndProject
Project("{FAE04EC0-301F-11D3-BF4B-00C04F79EFBC}") = "MultiProjectTemplate.TestProject", "MultiProjectTemplate.TestProject\MultiProjectTemplate.TestProject.csproj", "{C33D51F4-48D5-4B55-90A5-3F14A357C698}"
EndProject
Global
	GlobalSection(SolutionConfigurationPlatforms) = preSolution
		Debug|Any CPU = Debug|Any CPU
		Release|Any CPU = Release|Any CPU
	EndGlobalSection
	GlobalSection(ProjectConfigurationPlatforms) = postSolution
		{28BFF7E8-3C58-4045-9790-F254F7FC24BD}.Debug|Any CPU.ActiveCfg = Debug|Any CPU
		{28BFF7E8-3C58-4045-9790-F254F7FC24BD}.Debug|Any CPU.Build.0 = Debug|Any CPU
		{28BFF7E8-3C58-4045-9790-F254F7FC24BD}.Release|Any CPU.ActiveCfg = Release|Any CPU
		{28BFF7E8-3C58-4045-9790-F254F7FC24BD}.Release|Any CPU.Build.0 = Release|Any CPU
		{02F8B1FA-8828-4F94-A746-9AF5A4C63FC7}.Debug|Any CPU.ActiveCfg = Debug|Any CPU
		{02F8B1FA-8828-4F94-A746-9AF5A4C63FC7}.Debug|Any CPU.Build.0 = Debug|Any CPU
		{02F8B1FA-8828-4F94-A746-9AF5A4C63FC7}.Release|Any CPU.ActiveCfg = Release|Any CPU
		{02F8B1FA-8828-4F94-A746-9AF5A4C63FC7}.Release|Any CPU.Build.0 = Release|Any CPU
		{C33D51F4-48D5-4B55-90A5-3F14A357C698}.Debug|Any CPU.ActiveCfg = Debug|Any CPU
		{C33D51F4-48D5-4B55-90A5-3F14A357C698}.Debug|Any CPU.Build.0 = Debug|Any CPU
		{C33D51F4-48D5-4B55-90A5-3F14A357C698}.Release|Any CPU.ActiveCfg = Release|Any CPU
		{C33D51F4-48D5-4B55-90A5-3F14A357C698}.Release|Any CPU.Build.0 = Release|Any CPU
	EndGlobalSection
	GlobalSection(SolutionProperties) = preSolution
		HideSolutionNode = FALSE
	EndGlobalSection
	GlobalSection(ExtensibilityGlobals) = postSolution
		SolutionGuid = {8D4169E5-9DCE-4793-B5BC-D4AF0F970BC9}
	EndGlobalSection
EndGlobal
