
Microsoft Visual Studio Solution File, Format Version 12.00
# Visual Studio Version 17
VisualStudioVersion = 17.11.35312.102
MinimumVisualStudioVersion = 10.0.40219.1
Project("{9A19103F-16F7-4668-BE54-9A1E7A4F7556}") = "MyTemplate.ConsoleApp", "MyTemplate.ConsoleApp\MyTemplate.ConsoleApp.csproj", "{036ABBCF-5C2A-43A3-8F4C-FCF6487D439A}"
EndProject
Project("{9A19103F-16F7-4668-BE54-9A1E7A4F7556}") = "MyTemplate.TestProject", "MyTemplate.TestProject\MyTemplate.TestProject.csproj", "{11D1EC86-FF2E-4075-9CB8-54F77931EBFE}"
EndProject
Project("{9A19103F-16F7-4668-BE54-9A1E7A4F7556}") = "MyTemplate.Shared", "MyTemplate.Shared\MyTemplate.Shared.csproj", "{F728A475-122A-4342-866C-35F94D6C27A6}"
EndProject
Global
	GlobalSection(SolutionConfigurationPlatforms) = preSolution
		Debug|Any CPU = Debug|Any CPU
		Release|Any CPU = Release|Any CPU
	EndGlobalSection
	GlobalSection(ProjectConfigurationPlatforms) = postSolution
		{036ABBCF-5C2A-43A3-8F4C-FCF6487D439A}.Debug|Any CPU.ActiveCfg = Debug|Any CPU
		{036ABBCF-5C2A-43A3-8F4C-FCF6487D439A}.Debug|Any CPU.Build.0 = Debug|Any CPU
		{036ABBCF-5C2A-43A3-8F4C-FCF6487D439A}.Release|Any CPU.ActiveCfg = Release|Any CPU
		{036ABBCF-5C2A-43A3-8F4C-FCF6487D439A}.Release|Any CPU.Build.0 = Release|Any CPU
		{11D1EC86-FF2E-4075-9CB8-54F77931EBFE}.Debug|Any CPU.ActiveCfg = Debug|Any CPU
		{11D1EC86-FF2E-4075-9CB8-54F77931EBFE}.Debug|Any CPU.Build.0 = Debug|Any CPU
		{11D1EC86-FF2E-4075-9CB8-54F77931EBFE}.Release|Any CPU.ActiveCfg = Release|Any CPU
		{11D1EC86-FF2E-4075-9CB8-54F77931EBFE}.Release|Any CPU.Build.0 = Release|Any CPU
		{F728A475-122A-4342-866C-35F94D6C27A6}.Debug|Any CPU.ActiveCfg = Debug|Any CPU
		{F728A475-122A-4342-866C-35F94D6C27A6}.Debug|Any CPU.Build.0 = Debug|Any CPU
		{F728A475-122A-4342-866C-35F94D6C27A6}.Release|Any CPU.ActiveCfg = Release|Any CPU
		{F728A475-122A-4342-866C-35F94D6C27A6}.Release|Any CPU.Build.0 = Release|Any CPU
	EndGlobalSection
	GlobalSection(SolutionProperties) = preSolution
		HideSolutionNode = FALSE
	EndGlobalSection
	GlobalSection(ExtensibilityGlobals) = postSolution
		SolutionGuid = {8D4169E5-9DCE-4793-B5BC-D4AF0F970BC9}
	EndGlobalSection
EndGlobal
